
Microsoft Visual Studio Solution File, Format Version 12.00
# Visual Studio 15
VisualStudioVersion = 15.0.28307.779
MinimumVisualStudioVersion = 10.0.40219.1
Project("{FAE04EC0-301F-11D3-BF4B-00C04F79EFBC}") = "WebApplication2", "WebApplication2\WebApplication2.csproj", "{31214732-D084-490B-BFE0-BFE9CA770848}"
EndProject
Global
	GlobalSection(SolutionConfigurationPlatforms) = preSolution
		Debug|Any CPU = Debug|Any CPU
		Release|Any CPU = Release|Any CPU
	EndGlobalSection
	GlobalSection(ProjectConfigurationPlatforms) = postSolution
		{31214732-D084-490B-BFE0-BFE9CA770848}.Debug|Any CPU.ActiveCfg = Debug|Any CPU
		{31214732-D084-490B-BFE0-BFE9CA770848}.Debug|Any CPU.Build.0 = Debug|Any CPU
		{31214732-D084-490B-BFE0-BFE9CA770848}.Release|Any CPU.ActiveCfg = Release|Any CPU
		{31214732-D084-490B-BFE0-BFE9CA770848}.Release|Any CPU.Build.0 = Release|Any CPU
	EndGlobalSection
	GlobalSection(SolutionProperties) = preSolution
		HideSolutionNode = FALSE
	EndGlobalSection
	GlobalSection(ExtensibilityGlobals) = postSolution
		SolutionGuid = {8ACDFDF9-DB9A-4856-9DDE-F3BE1C9AD1A6}
	EndGlobalSection
EndGlobal
